// !$*UTF8*$!
{
	archiveVersion = 1;
	classes = {
	};
	objectVersion = 46;
	objects = {

/* Begin PBXBuildFile section */
		9B0BDDFF1B905C310044923C /* AppDelegate.swift in Sources */ = {isa = PBXBuildFile; fileRef = 9B0BDDFE1B905C310044923C /* AppDelegate.swift */; };
		9B0BDE011B905C310044923C /* ViewController.swift in Sources */ = {isa = PBXBuildFile; fileRef = 9B0BDE001B905C310044923C /* ViewController.swift */; };
		9B0BDE041B905C310044923C /* Main.storyboard in Resources */ = {isa = PBXBuildFile; fileRef = 9B0BDE021B905C310044923C /* Main.storyboard */; };
		9B0BDE061B905C310044923C /* Images.xcassets in Resources */ = {isa = PBXBuildFile; fileRef = 9B0BDE051B905C310044923C /* Images.xcassets */; };
		9B0BDE091B905C310044923C /* LaunchScreen.xib in Resources */ = {isa = PBXBuildFile; fileRef = 9B0BDE071B905C310044923C /* LaunchScreen.xib */; };
		9B0BDE151B905C310044923C /* AGLKImageZoomTests.swift in Sources */ = {isa = PBXBuildFile; fileRef = 9B0BDE141B905C310044923C /* AGLKImageZoomTests.swift */; };
		9B0BDE241B905C400044923C /* AGLKImageView.swift in Sources */ = {isa = PBXBuildFile; fileRef = 9B0BDE1E1B905C400044923C /* AGLKImageView.swift */; };
		9B0BDE251B905C400044923C /* AGLKViewListener.swift in Sources */ = {isa = PBXBuildFile; fileRef = 9B0BDE1F1B905C400044923C /* AGLKViewListener.swift */; };
		9B0BDE261B905C400044923C /* AGLKVertexAttribArrayBuffer.swift in Sources */ = {isa = PBXBuildFile; fileRef = 9B0BDE201B905C400044923C /* AGLKVertexAttribArrayBuffer.swift */; };
		9B0BDE271B905C400044923C /* AGLKContext.swift in Sources */ = {isa = PBXBuildFile; fileRef = 9B0BDE211B905C400044923C /* AGLKContext.swift */; };
		9B0BDE281B905C400044923C /* AGLKMath.swift in Sources */ = {isa = PBXBuildFile; fileRef = 9B0BDE221B905C400044923C /* AGLKMath.swift */; };
		9B0BDE291B905C400044923C /* AGLKImageRenderer.swift in Sources */ = {isa = PBXBuildFile; fileRef = 9B0BDE231B905C400044923C /* AGLKImageRenderer.swift */; };
		9B3195C41B9113470094DE74 /* AGLKImageShader.fsh in Resources */ = {isa = PBXBuildFile; fileRef = 9B3195C21B9113470094DE74 /* AGLKImageShader.fsh */; };
		9B3195C51B9113470094DE74 /* AGLKImageShader.vsh in Resources */ = {isa = PBXBuildFile; fileRef = 9B3195C31B9113470094DE74 /* AGLKImageShader.vsh */; };
		9B3195C81B9113580094DE74 /* AGLKBaseEffect.swift in Sources */ = {isa = PBXBuildFile; fileRef = 9B3195C61B9113580094DE74 /* AGLKBaseEffect.swift */; };
		9B3195C91B9113580094DE74 /* AGLKImageEffect.swift in Sources */ = {isa = PBXBuildFile; fileRef = 9B3195C71B9113580094DE74 /* AGLKImageEffect.swift */; };
		9B3195CD1B9113D80094DE74 /* sampleImage.jpg in Resources */ = {isa = PBXBuildFile; fileRef = 9B3195CC1B9113D80094DE74 /* sampleImage.jpg */; };
/* End PBXBuildFile section */

/* Begin PBXContainerItemProxy section */
		9B0BDE0F1B905C310044923C /* PBXContainerItemProxy */ = {
			isa = PBXContainerItemProxy;
			containerPortal = 9B0BDDF11B905C310044923C /* Project object */;
			proxyType = 1;
			remoteGlobalIDString = 9B0BDDF81B905C310044923C;
			remoteInfo = AGLKImageZoom;
		};
/* End PBXContainerItemProxy section */

/* Begin PBXFileReference section */
		9B0BDDF91B905C310044923C /* AGLKImageZoom.app */ = {isa = PBXFileReference; explicitFileType = wrapper.application; includeInIndex = 0; path = AGLKImageZoom.app; sourceTree = BUILT_PRODUCTS_DIR; };
		9B0BDDFD1B905C310044923C /* Info.plist */ = {isa = PBXFileReference; lastKnownFileType = text.plist.xml; path = Info.plist; sourceTree = "<group>"; };
		9B0BDDFE1B905C310044923C /* AppDelegate.swift */ = {isa = PBXFileReference; lastKnownFileType = sourcecode.swift; path = AppDelegate.swift; sourceTree = "<group>"; };
		9B0BDE001B905C310044923C /* ViewController.swift */ = {isa = PBXFileReference; lastKnownFileType = sourcecode.swift; path = ViewController.swift; sourceTree = "<group>"; };
		9B0BDE031B905C310044923C /* Base */ = {isa = PBXFileReference; lastKnownFileType = file.storyboard; name = Base; path = Base.lproj/Main.storyboard; sourceTree = "<group>"; };
		9B0BDE051B905C310044923C /* Images.xcassets */ = {isa = PBXFileReference; lastKnownFileType = folder.assetcatalog; path = Images.xcassets; sourceTree = "<group>"; };
		9B0BDE081B905C310044923C /* Base */ = {isa = PBXFileReference; lastKnownFileType = file.xib; name = Base; path = Base.lproj/LaunchScreen.xib; sourceTree = "<group>"; };
		9B0BDE0E1B905C310044923C /* AGLKImageZoomTests.xctest */ = {isa = PBXFileReference; explicitFileType = wrapper.cfbundle; includeInIndex = 0; path = AGLKImageZoomTests.xctest; sourceTree = BUILT_PRODUCTS_DIR; };
		9B0BDE131B905C310044923C /* Info.plist */ = {isa = PBXFileReference; lastKnownFileType = text.plist.xml; path = Info.plist; sourceTree = "<group>"; };
		9B0BDE141B905C310044923C /* AGLKImageZoomTests.swift */ = {isa = PBXFileReference; lastKnownFileType = sourcecode.swift; path = AGLKImageZoomTests.swift; sourceTree = "<group>"; };
		9B0BDE1E1B905C400044923C /* AGLKImageView.swift */ = {isa = PBXFileReference; fileEncoding = 4; lastKnownFileType = sourcecode.swift; path = AGLKImageView.swift; sourceTree = "<group>"; };
		9B0BDE1F1B905C400044923C /* AGLKViewListener.swift */ = {isa = PBXFileReference; fileEncoding = 4; lastKnownFileType = sourcecode.swift; path = AGLKViewListener.swift; sourceTree = "<group>"; };
		9B0BDE201B905C400044923C /* AGLKVertexAttribArrayBuffer.swift */ = {isa = PBXFileReference; fileEncoding = 4; lastKnownFileType = sourcecode.swift; path = AGLKVertexAttribArrayBuffer.swift; sourceTree = "<group>"; };
		9B0BDE211B905C400044923C /* AGLKContext.swift */ = {isa = PBXFileReference; fileEncoding = 4; lastKnownFileType = sourcecode.swift; path = AGLKContext.swift; sourceTree = "<group>"; };
		9B0BDE221B905C400044923C /* AGLKMath.swift */ = {isa = PBXFileReference; fileEncoding = 4; lastKnownFileType = sourcecode.swift; path = AGLKMath.swift; sourceTree = "<group>"; };
		9B0BDE231B905C400044923C /* AGLKImageRenderer.swift */ = {isa = PBXFileReference; fileEncoding = 4; lastKnownFileType = sourcecode.swift; path = AGLKImageRenderer.swift; sourceTree = "<group>"; };
		9B3195C21B9113470094DE74 /* AGLKImageShader.fsh */ = {isa = PBXFileReference; fileEncoding = 4; lastKnownFileType = sourcecode.glsl; path = AGLKImageShader.fsh; sourceTree = "<group>"; };
		9B3195C31B9113470094DE74 /* AGLKImageShader.vsh */ = {isa = PBXFileReference; fileEncoding = 4; lastKnownFileType = sourcecode.glsl; path = AGLKImageShader.vsh; sourceTree = "<group>"; };
		9B3195C61B9113580094DE74 /* AGLKBaseEffect.swift */ = {isa = PBXFileReference; fileEncoding = 4; lastKnownFileType = sourcecode.swift; path = AGLKBaseEffect.swift; sourceTree = "<group>"; };
		9B3195C71B9113580094DE74 /* AGLKImageEffect.swift */ = {isa = PBXFileReference; fileEncoding = 4; lastKnownFileType = sourcecode.swift; path = AGLKImageEffect.swift; sourceTree = "<group>"; };
		9B3195CC1B9113D80094DE74 /* sampleImage.jpg */ = {isa = PBXFileReference; lastKnownFileType = image.jpeg; path = sampleImage.jpg; sourceTree = "<group>"; };
/* End PBXFileReference section */

/* Begin PBXFrameworksBuildPhase section */
		9B0BDDF61B905C310044923C /* Frameworks */ = {
			isa = PBXFrameworksBuildPhase;
			buildActionMask = 2147483647;
			files = (
			);
			runOnlyForDeploymentPostprocessing = 0;
		};
		9B0BDE0B1B905C310044923C /* Frameworks */ = {
			isa = PBXFrameworksBuildPhase;
			buildActionMask = 2147483647;
			files = (
			);
			runOnlyForDeploymentPostprocessing = 0;
		};
/* End PBXFrameworksBuildPhase section */

/* Begin PBXGroup section */
		9B0BDDF01B905C310044923C = {
			isa = PBXGroup;
			children = (
				9B0BDDFB1B905C310044923C /* AGLKImageZoom */,
				9B0BDE111B905C310044923C /* AGLKImageZoomTests */,
				9B0BDDFA1B905C310044923C /* Products */,
			);
			sourceTree = "<group>";
		};
		9B0BDDFA1B905C310044923C /* Products */ = {
			isa = PBXGroup;
			children = (
				9B0BDDF91B905C310044923C /* AGLKImageZoom.app */,
				9B0BDE0E1B905C310044923C /* AGLKImageZoomTests.xctest */,
			);
			name = Products;
			sourceTree = "<group>";
		};
		9B0BDDFB1B905C310044923C /* AGLKImageZoom */ = {
			isa = PBXGroup;
			children = (
				9B0BDDFE1B905C310044923C /* AppDelegate.swift */,
				9B0BDE001B905C310044923C /* ViewController.swift */,
				9B3195C61B9113580094DE74 /* AGLKBaseEffect.swift */,
				9B3195C71B9113580094DE74 /* AGLKImageEffect.swift */,
				9B0BDE1E1B905C400044923C /* AGLKImageView.swift */,
				9B0BDE1F1B905C400044923C /* AGLKViewListener.swift */,
				9B0BDE201B905C400044923C /* AGLKVertexAttribArrayBuffer.swift */,
				9B0BDE211B905C400044923C /* AGLKContext.swift */,
				9B0BDE221B905C400044923C /* AGLKMath.swift */,
				9B0BDE231B905C400044923C /* AGLKImageRenderer.swift */,
				9B3195CC1B9113D80094DE74 /* sampleImage.jpg */,
				9B3195C21B9113470094DE74 /* AGLKImageShader.fsh */,
				9B3195C31B9113470094DE74 /* AGLKImageShader.vsh */,
				9B0BDE021B905C310044923C /* Main.storyboard */,
				9B0BDE051B905C310044923C /* Images.xcassets */,
				9B0BDE071B905C310044923C /* LaunchScreen.xib */,
				9B0BDDFC1B905C310044923C /* Supporting Files */,
			);
			path = AGLKImageZoom;
			sourceTree = "<group>";
		};
		9B0BDDFC1B905C310044923C /* Supporting Files */ = {
			isa = PBXGroup;
			children = (
				9B0BDDFD1B905C310044923C /* Info.plist */,
			);
			name = "Supporting Files";
			sourceTree = "<group>";
		};
		9B0BDE111B905C310044923C /* AGLKImageZoomTests */ = {
			isa = PBXGroup;
			children = (
				9B0BDE141B905C310044923C /* AGLKImageZoomTests.swift */,
				9B0BDE121B905C310044923C /* Supporting Files */,
			);
			path = AGLKImageZoomTests;
			sourceTree = "<group>";
		};
		9B0BDE121B905C310044923C /* Supporting Files */ = {
			isa = PBXGroup;
			children = (
				9B0BDE131B905C310044923C /* Info.plist */,
			);
			name = "Supporting Files";
			sourceTree = "<group>";
		};
/* End PBXGroup section */

/* Begin PBXNativeTarget section */
		9B0BDDF81B905C310044923C /* AGLKImageZoom */ = {
			isa = PBXNativeTarget;
			buildConfigurationList = 9B0BDE181B905C310044923C /* Build configuration list for PBXNativeTarget "AGLKImageZoom" */;
			buildPhases = (
				9B0BDDF51B905C310044923C /* Sources */,
				9B0BDDF61B905C310044923C /* Frameworks */,
				9B0BDDF71B905C310044923C /* Resources */,
			);
			buildRules = (
			);
			dependencies = (
			);
			name = AGLKImageZoom;
			productName = AGLKImageZoom;
			productReference = 9B0BDDF91B905C310044923C /* AGLKImageZoom.app */;
			productType = "com.apple.product-type.application";
		};
		9B0BDE0D1B905C310044923C /* AGLKImageZoomTests */ = {
			isa = PBXNativeTarget;
			buildConfigurationList = 9B0BDE1B1B905C310044923C /* Build configuration list for PBXNativeTarget "AGLKImageZoomTests" */;
			buildPhases = (
				9B0BDE0A1B905C310044923C /* Sources */,
				9B0BDE0B1B905C310044923C /* Frameworks */,
				9B0BDE0C1B905C310044923C /* Resources */,
			);
			buildRules = (
			);
			dependencies = (
				9B0BDE101B905C310044923C /* PBXTargetDependency */,
			);
			name = AGLKImageZoomTests;
			productName = AGLKImageZoomTests;
			productReference = 9B0BDE0E1B905C310044923C /* AGLKImageZoomTests.xctest */;
			productType = "com.apple.product-type.bundle.unit-test";
		};
/* End PBXNativeTarget section */

/* Begin PBXProject section */
		9B0BDDF11B905C310044923C /* Project object */ = {
			isa = PBXProject;
			attributes = {
				LastUpgradeCheck = 0640;
				ORGANIZATIONNAME = rclements;
				TargetAttributes = {
					9B0BDDF81B905C310044923C = {
						CreatedOnToolsVersion = 6.4;
					};
					9B0BDE0D1B905C310044923C = {
						CreatedOnToolsVersion = 6.4;
						TestTargetID = 9B0BDDF81B905C310044923C;
					};
				};
			};
			buildConfigurationList = 9B0BDDF41B905C310044923C /* Build configuration list for PBXProject "AGLKImageZoom" */;
			compatibilityVersion = "Xcode 3.2";
			developmentRegion = English;
			hasScannedForEncodings = 0;
			knownRegions = (
				en,
				Base,
			);
			mainGroup = 9B0BDDF01B905C310044923C;
			productRefGroup = 9B0BDDFA1B905C310044923C /* Products */;
			projectDirPath = "";
			projectRoot = "";
			targets = (
				9B0BDDF81B905C310044923C /* AGLKImageZoom */,
				9B0BDE0D1B905C310044923C /* AGLKImageZoomTests */,
			);
		};
/* End PBXProject section */

/* Begin PBXResourcesBuildPhase section */
		9B0BDDF71B905C310044923C /* Resources */ = {
			isa = PBXResourcesBuildPhase;
			buildActionMask = 2147483647;
			files = (
				9B3195C51B9113470094DE74 /* AGLKImageShader.vsh in Resources */,
				9B0BDE041B905C310044923C /* Main.storyboard in Resources */,
				9B0BDE091B905C310044923C /* LaunchScreen.xib in Resources */,
				9B3195CD1B9113D80094DE74 /* sampleImage.jpg in Resources */,
				9B0BDE061B905C310044923C /* Images.xcassets in Resources */,
				9B3195C41B9113470094DE74 /* AGLKImageShader.fsh in Resources */,
			);
			runOnlyForDeploymentPostprocessing = 0;
		};
		9B0BDE0C1B905C310044923C /* Resources */ = {
			isa = PBXResourcesBuildPhase;
			buildActionMask = 2147483647;
			files = (
			);
			runOnlyForDeploymentPostprocessing = 0;
		};
/* End PBXResourcesBuildPhase section */

/* Begin PBXSourcesBuildPhase section */
		9B0BDDF51B905C310044923C /* Sources */ = {
			isa = PBXSourcesBuildPhase;
			buildActionMask = 2147483647;
			files = (
				9B0BDE281B905C400044923C /* AGLKMath.swift in Sources */,
				9B0BDE271B905C400044923C /* AGLKContext.swift in Sources */,
				9B0BDE011B905C310044923C /* ViewController.swift in Sources */,
				9B0BDE291B905C400044923C /* AGLKImageRenderer.swift in Sources */,
				9B0BDE251B905C400044923C /* AGLKViewListener.swift in Sources */,
				9B3195C91B9113580094DE74 /* AGLKImageEffect.swift in Sources */,
				9B0BDDFF1B905C310044923C /* AppDelegate.swift in Sources */,
				9B3195C81B9113580094DE74 /* AGLKBaseEffect.swift in Sources */,
				9B0BDE261B905C400044923C /* AGLKVertexAttribArrayBuffer.swift in Sources */,
				9B0BDE241B905C400044923C /* AGLKImageView.swift in Sources */,
			);
			runOnlyForDeploymentPostprocessing = 0;
		};
		9B0BDE0A1B905C310044923C /* Sources */ = {
			isa = PBXSourcesBuildPhase;
			buildActionMask = 2147483647;
			files = (
				9B0BDE151B905C310044923C /* AGLKImageZoomTests.swift in Sources */,
			);
			runOnlyForDeploymentPostprocessing = 0;
		};
/* End PBXSourcesBuildPhase section */

/* Begin PBXTargetDependency section */
		9B0BDE101B905C310044923C /* PBXTargetDependency */ = {
			isa = PBXTargetDependency;
			target = 9B0BDDF81B905C310044923C /* AGLKImageZoom */;
			targetProxy = 9B0BDE0F1B905C310044923C /* PBXContainerItemProxy */;
		};
/* End PBXTargetDependency section */

/* Begin PBXVariantGroup section */
		9B0BDE021B905C310044923C /* Main.storyboard */ = {
			isa = PBXVariantGroup;
			children = (
				9B0BDE031B905C310044923C /* Base */,
			);
			name = Main.storyboard;
			sourceTree = "<group>";
		};
		9B0BDE071B905C310044923C /* LaunchScreen.xib */ = {
			isa = PBXVariantGroup;
			children = (
				9B0BDE081B905C310044923C /* Base */,
			);
			name = LaunchScreen.xib;
			sourceTree = "<group>";
		};
/* End PBXVariantGroup section */

/* Begin XCBuildConfiguration section */
		9B0BDE161B905C310044923C /* Debug */ = {
			isa = XCBuildConfiguration;
			buildSettings = {
				ALWAYS_SEARCH_USER_PATHS = NO;
				CLANG_CXX_LANGUAGE_STANDARD = "gnu++0x";
				CLANG_CXX_LIBRARY = "libc++";
				CLANG_ENABLE_MODULES = YES;
				CLANG_ENABLE_OBJC_ARC = YES;
				CLANG_WARN_BOOL_CONVERSION = YES;
				CLANG_WARN_CONSTANT_CONVERSION = YES;
				CLANG_WARN_DIRECT_OBJC_ISA_USAGE = YES_ERROR;
				CLANG_WARN_EMPTY_BODY = YES;
				CLANG_WARN_ENUM_CONVERSION = YES;
				CLANG_WARN_INT_CONVERSION = YES;
				CLANG_WARN_OBJC_ROOT_CLASS = YES_ERROR;
				CLANG_WARN_UNREACHABLE_CODE = YES;
				CLANG_WARN__DUPLICATE_METHOD_MATCH = YES;
				"CODE_SIGN_IDENTITY[sdk=iphoneos*]" = "iPhone Developer";
				COPY_PHASE_STRIP = NO;
				DEBUG_INFORMATION_FORMAT = "dwarf-with-dsym";
				ENABLE_STRICT_OBJC_MSGSEND = YES;
				GCC_C_LANGUAGE_STANDARD = gnu99;
				GCC_DYNAMIC_NO_PIC = NO;
				GCC_NO_COMMON_BLOCKS = YES;
				GCC_OPTIMIZATION_LEVEL = 0;
				GCC_PREPROCESSOR_DEFINITIONS = (
					"DEBUG=1",
					"$(inherited)",
				);
				GCC_SYMBOLS_PRIVATE_EXTERN = NO;
				GCC_WARN_64_TO_32_BIT_CONVERSION = YES;
				GCC_WARN_ABOUT_RETURN_TYPE = YES_ERROR;
				GCC_WARN_UNDECLARED_SELECTOR = YES;
				GCC_WARN_UNINITIALIZED_AUTOS = YES_AGGRESSIVE;
				GCC_WARN_UNUSED_FUNCTION = YES;
				GCC_WARN_UNUSED_VARIABLE = YES;
				IPHONEOS_DEPLOYMENT_TARGET = 8.4;
				MTL_ENABLE_DEBUG_INFO = YES;
				ONLY_ACTIVE_ARCH = YES;
				SDKROOT = iphoneos;
				SWIFT_OPTIMIZATION_LEVEL = "-Onone";
				TARGETED_DEVICE_FAMILY = "1,2";
			};
			name = Debug;
		};
		9B0BDE171B905C310044923C /* Release */ = {
			isa = XCBuildConfiguration;
			buildSettings = {
				ALWAYS_SEARCH_USER_PATHS = NO;
				CLANG_CXX_LANGUAGE_STANDARD = "gnu++0x";
				CLANG_CXX_LIBRARY = "libc++";
				CLANG_ENABLE_MODULES = YES;
				CLANG_ENABLE_OBJC_ARC = YES;
				CLANG_WARN_BOOL_CONVERSION = YES;
				CLANG_WARN_CONSTANT_CONVERSION = YES;
				CLANG_WARN_DIRECT_OBJC_ISA_USAGE = YES_ERROR;
				CLANG_WARN_EMPTY_BODY = YES;
				CLANG_WARN_ENUM_CONVERSION = YES;
				CLANG_WARN_INT_CONVERSION = YES;
				CLANG_WARN_OBJC_ROOT_CLASS = YES_ERROR;
				CLANG_WARN_UNREACHABLE_CODE = YES;
				CLANG_WARN__DUPLICATE_METHOD_MATCH = YES;
				"CODE_SIGN_IDENTITY[sdk=iphoneos*]" = "iPhone Developer";
				COPY_PHASE_STRIP = NO;
				DEBUG_INFORMATION_FORMAT = "dwarf-with-dsym";
				ENABLE_NS_ASSERTIONS = NO;
				ENABLE_STRICT_OBJC_MSGSEND = YES;
				GCC_C_LANGUAGE_STANDARD = gnu99;
				GCC_NO_COMMON_BLOCKS = YES;
				GCC_WARN_64_TO_32_BIT_CONVERSION = YES;
				GCC_WARN_ABOUT_RETURN_TYPE = YES_ERROR;
				GCC_WARN_UNDECLARED_SELECTOR = YES;
				GCC_WARN_UNINITIALIZED_AUTOS = YES_AGGRESSIVE;
				GCC_WARN_UNUSED_FUNCTION = YES;
				GCC_WARN_UNUSED_VARIABLE = YES;
				IPHONEOS_DEPLOYMENT_TARGET = 8.4;
				MTL_ENABLE_DEBUG_INFO = NO;
				SDKROOT = iphoneos;
				TARGETED_DEVICE_FAMILY = "1,2";
				VALIDATE_PRODUCT = YES;
			};
			name = Release;
		};
		9B0BDE191B905C310044923C /* Debug */ = {
			isa = XCBuildConfiguration;
			buildSettings = {
				ASSETCATALOG_COMPILER_APPICON_NAME = AppIcon;
				INFOPLIST_FILE = AGLKImageZoom/Info.plist;
				LD_RUNPATH_SEARCH_PATHS = "$(inherited) @executable_path/Frameworks";
				PRODUCT_NAME = "$(TARGET_NAME)";
			};
			name = Debug;
		};
		9B0BDE1A1B905C310044923C /* Release */ = {
			isa = XCBuildConfiguration;
			buildSettings = {
				ASSETCATALOG_COMPILER_APPICON_NAME = AppIcon;
				INFOPLIST_FILE = AGLKImageZoom/Info.plist;
				LD_RUNPATH_SEARCH_PATHS = "$(inherited) @executable_path/Frameworks";
				PRODUCT_NAME = "$(TARGET_NAME)";
			};
			name = Release;
		};
		9B0BDE1C1B905C310044923C /* Debug */ = {
			isa = XCBuildConfiguration;
			buildSettings = {
				BUNDLE_LOADER = "$(TEST_HOST)";
				FRAMEWORK_SEARCH_PATHS = (
					"$(SDKROOT)/Developer/Library/Frameworks",
					"$(inherited)",
				);
				GCC_PREPROCESSOR_DEFINITIONS = (
					"DEBUG=1",
					"$(inherited)",
				);
				INFOPLIST_FILE = AGLKImageZoomTests/Info.plist;
				LD_RUNPATH_SEARCH_PATHS = "$(inherited) @executable_path/Frameworks @loader_path/Frameworks";
				PRODUCT_NAME = "$(TARGET_NAME)";
				TEST_HOST = "$(BUILT_PRODUCTS_DIR)/AGLKImageZoom.app/AGLKImageZoom";
			};
			name = Debug;
		};
		9B0BDE1D1B905C310044923C /* Release */ = {
			isa = XCBuildConfiguration;
			buildSettings = {
				BUNDLE_LOADER = "$(TEST_HOST)";
				FRAMEWORK_SEARCH_PATHS = (
					"$(SDKROOT)/Developer/Library/Frameworks",
					"$(inherited)",
				);
				INFOPLIST_FILE = AGLKImageZoomTests/Info.plist;
				LD_RUNPATH_SEARCH_PATHS = "$(inherited) @executable_path/Frameworks @loader_path/Frameworks";
				PRODUCT_NAME = "$(TARGET_NAME)";
				TEST_HOST = "$(BUILT_PRODUCTS_DIR)/AGLKImageZoom.app/AGLKImageZoom";
			};
			name = Release;
		};
/* End XCBuildConfiguration section */

/* Begin XCConfigurationList section */
		9B0BDDF41B905C310044923C /* Build configuration list for PBXProject "AGLKImageZoom" */ = {
			isa = XCConfigurationList;
			buildConfigurations = (
				9B0BDE161B905C310044923C /* Debug */,
				9B0BDE171B905C310044923C /* Release */,
			);
			defaultConfigurationIsVisible = 0;
			defaultConfigurationName = Release;
		};
		9B0BDE181B905C310044923C /* Build configuration list for PBXNativeTarget "AGLKImageZoom" */ = {
			isa = XCConfigurationList;
			buildConfigurations = (
				9B0BDE191B905C310044923C /* Debug */,
				9B0BDE1A1B905C310044923C /* Release */,
			);
			defaultConfigurationIsVisible = 0;
			defaultConfigurationName = Release;
		};
		9B0BDE1B1B905C310044923C /* Build configuration list for PBXNativeTarget "AGLKImageZoomTests" */ = {
			isa = XCConfigurationList;
			buildConfigurations = (
				9B0BDE1C1B905C310044923C /* Debug */,
				9B0BDE1D1B905C310044923C /* Release */,
			);
			defaultConfigurationIsVisible = 0;
			defaultConfigurationName = Release;
		};
/* End XCConfigurationList section */
	};
	rootObject = 9B0BDDF11B905C310044923C /* Project object */;
}
